
Microsoft Visual Studio Solution File, Format Version 12.00
# Visual Studio Version 17
VisualStudioVersion = 17.0.31903.59
MinimumVisualStudioVersion = 10.0.40219.1
Project("{2150E333-8FDC-42A3-9474-1A3956D46DE8}") = "Src", "Src", "{827E0CD3-B72D-47B6-A68D-7590B98EB39B}"
EndProject
Project("{FAE04EC0-301F-11D3-BF4B-00C04F79EFBC}") = "WebApi", "Src\WebApi\WebApi.csproj", "{A90090C0-5C5E-4F91-91DC-D4E5E28661AD}"
EndProject
Project("{FAE04EC0-301F-11D3-BF4B-00C04F79EFBC}") = "Tests", "Src\Tests\Tests.csproj", "{D869364F-D083-4562-8D39-0772A26E60D2}"
EndProject
Global
	GlobalSection(SolutionConfigurationPlatforms) = preSolution
		Debug|Any CPU = Debug|Any CPU
		Debug|x64 = Debug|x64
		Debug|x86 = Debug|x86
		Release|Any CPU = Release|Any CPU
		Release|x64 = Release|x64
		Release|x86 = Release|x86
	EndGlobalSection
	GlobalSection(ProjectConfigurationPlatforms) = postSolution
		{A90090C0-5C5E-4F91-91DC-D4E5E28661AD}.Debug|Any CPU.ActiveCfg = Debug|Any CPU
		{A90090C0-5C5E-4F91-91DC-D4E5E28661AD}.Debug|Any CPU.Build.0 = Debug|Any CPU
		{A90090C0-5C5E-4F91-91DC-D4E5E28661AD}.Debug|x64.ActiveCfg = Debug|Any CPU
		{A90090C0-5C5E-4F91-91DC-D4E5E28661AD}.Debug|x64.Build.0 = Debug|Any CPU
		{A90090C0-5C5E-4F91-91DC-D4E5E28661AD}.Debug|x86.ActiveCfg = Debug|Any CPU
		{A90090C0-5C5E-4F91-91DC-D4E5E28661AD}.Debug|x86.Build.0 = Debug|Any CPU
		{A90090C0-5C5E-4F91-91DC-D4E5E28661AD}.Release|Any CPU.ActiveCfg = Release|Any CPU
		{A90090C0-5C5E-4F91-91DC-D4E5E28661AD}.Release|Any CPU.Build.0 = Release|Any CPU
		{A90090C0-5C5E-4F91-91DC-D4E5E28661AD}.Release|x64.ActiveCfg = Release|Any CPU
		{A90090C0-5C5E-4F91-91DC-D4E5E28661AD}.Release|x64.Build.0 = Release|Any CPU
		{A90090C0-5C5E-4F91-91DC-D4E5E28661AD}.Release|x86.ActiveCfg = Release|Any CPU
		{A90090C0-5C5E-4F91-91DC-D4E5E28661AD}.Release|x86.Build.0 = Release|Any CPU
		{D869364F-D083-4562-8D39-0772A26E60D2}.Debug|Any CPU.ActiveCfg = Debug|Any CPU
		{D869364F-D083-4562-8D39-0772A26E60D2}.Debug|Any CPU.Build.0 = Debug|Any CPU
		{D869364F-D083-4562-8D39-0772A26E60D2}.Debug|x64.ActiveCfg = Debug|Any CPU
		{D869364F-D083-4562-8D39-0772A26E60D2}.Debug|x64.Build.0 = Debug|Any CPU
		{D869364F-D083-4562-8D39-0772A26E60D2}.Debug|x86.ActiveCfg = Debug|Any CPU
		{D869364F-D083-4562-8D39-0772A26E60D2}.Debug|x86.Build.0 = Debug|Any CPU
		{D869364F-D083-4562-8D39-0772A26E60D2}.Release|Any CPU.ActiveCfg = Release|Any CPU
		{D869364F-D083-4562-8D39-0772A26E60D2}.Release|Any CPU.Build.0 = Release|Any CPU
		{D869364F-D083-4562-8D39-0772A26E60D2}.Release|x64.ActiveCfg = Release|Any CPU
		{D869364F-D083-4562-8D39-0772A26E60D2}.Release|x64.Build.0 = Release|Any CPU
		{D869364F-D083-4562-8D39-0772A26E60D2}.Release|x86.ActiveCfg = Release|Any CPU
		{D869364F-D083-4562-8D39-0772A26E60D2}.Release|x86.Build.0 = Release|Any CPU
	EndGlobalSection
	GlobalSection(SolutionProperties) = preSolution
		HideSolutionNode = FALSE
	EndGlobalSection
	GlobalSection(NestedProjects) = preSolution
		{A90090C0-5C5E-4F91-91DC-D4E5E28661AD} = {827E0CD3-B72D-47B6-A68D-7590B98EB39B}
		{D869364F-D083-4562-8D39-0772A26E60D2} = {827E0CD3-B72D-47B6-A68D-7590B98EB39B}
	EndGlobalSection
EndGlobal
